
Microsoft Visual Studio Solution File, Format Version 12.00
# Visual Studio Version 17
VisualStudioVersion = 17.0.31903.59
MinimumVisualStudioVersion = 10.0.40219.1
Project("{FAE04EC0-301F-11D3-BF4B-00C04F79EFBC}") = "Tests", "Tests\Tests.csproj", "{8EC1E8CE-E90B-4B5B-97D9-C5107B4460AA}"
EndProject
Project("{FAE04EC0-301F-11D3-BF4B-00C04F79EFBC}") = "work", "Lib\work.csproj", "{2234F150-E988-4720-9F89-54775551E567}"
EndProject
Global
	GlobalSection(SolutionConfigurationPlatforms) = preSolution
		Debug|Any CPU = Debug|Any CPU
		Release|Any CPU = Release|Any CPU
	EndGlobalSection
	GlobalSection(SolutionProperties) = preSolution
		HideSolutionNode = FALSE
	EndGlobalSection
	GlobalSection(ProjectConfigurationPlatforms) = postSolution
		{8EC1E8CE-E90B-4B5B-97D9-C5107B4460AA}.Debug|Any CPU.ActiveCfg = Debug|Any CPU
		{8EC1E8CE-E90B-4B5B-97D9-C5107B4460AA}.Debug|Any CPU.Build.0 = Debug|Any CPU
		{8EC1E8CE-E90B-4B5B-97D9-C5107B4460AA}.Release|Any CPU.ActiveCfg = Release|Any CPU
		{8EC1E8CE-E90B-4B5B-97D9-C5107B4460AA}.Release|Any CPU.Build.0 = Release|Any CPU
		{2234F150-E988-4720-9F89-54775551E567}.Debug|Any CPU.ActiveCfg = Debug|Any CPU
		{2234F150-E988-4720-9F89-54775551E567}.Debug|Any CPU.Build.0 = Debug|Any CPU
		{2234F150-E988-4720-9F89-54775551E567}.Release|Any CPU.ActiveCfg = Release|Any CPU
		{2234F150-E988-4720-9F89-54775551E567}.Release|Any CPU.Build.0 = Release|Any CPU
	EndGlobalSection
EndGlobal
